
Microsoft Visual Studio Solution File, Format Version 12.00
# Visual Studio Version 17
VisualStudioVersion = 17.10.35122.118
MinimumVisualStudioVersion = 10.0.40219.1
Project("{8BC9CEB8-8B4A-11D0-8D11-00A0C91BC942}") = "Chardle", "Chardle\Chardle.vcxproj", "{2C4BC7A1-0585-4918-8EB6-D9500F994B36}"
EndProject
Global
	GlobalSection(SolutionConfigurationPlatforms) = preSolution
		Debug|x64 = Debug|x64
		Debug|x86 = Debug|x86
		Release|x64 = Release|x64
		Release|x86 = Release|x86
	EndGlobalSection
	GlobalSection(ProjectConfigurationPlatforms) = postSolution
		{2C4BC7A1-0585-4918-8EB6-D9500F994B36}.Debug|x64.ActiveCfg = Debug|x64
		{2C4BC7A1-0585-4918-8EB6-D9500F994B36}.Debug|x64.Build.0 = Debug|x64
		{2C4BC7A1-0585-4918-8EB6-D9500F994B36}.Debug|x86.ActiveCfg = Debug|Win32
		{2C4BC7A1-0585-4918-8EB6-D9500F994B36}.Debug|x86.Build.0 = Debug|Win32
		{2C4BC7A1-0585-4918-8EB6-D9500F994B36}.Release|x64.ActiveCfg = Release|x64
		{2C4BC7A1-0585-4918-8EB6-D9500F994B36}.Release|x64.Build.0 = Release|x64
		{2C4BC7A1-0585-4918-8EB6-D9500F994B36}.Release|x86.ActiveCfg = Release|Win32
		{2C4BC7A1-0585-4918-8EB6-D9500F994B36}.Release|x86.Build.0 = Release|Win32
	EndGlobalSection
	GlobalSection(SolutionProperties) = preSolution
		HideSolutionNode = FALSE
	EndGlobalSection
	GlobalSection(ExtensibilityGlobals) = postSolution
		SolutionGuid = {8E35D20F-42CC-46D7-B188-E46D52251CC2}
	EndGlobalSection
EndGlobal
